
Microsoft Visual Studio Solution File, Format Version 12.00
# Visual Studio Version 16
VisualStudioVersion = 16.0.30717.126
MinimumVisualStudioVersion = 10.0.40219.1
Project("{9A19103F-16F7-4668-BE54-9A1E7A4F7556}") = "SharpAzToken", "SharpAzToken\SharpAzToken.csproj", "{9B865CD9-4593-4713-8205-A50042F47CCF}"
EndProject
Global
	GlobalSection(SolutionConfigurationPlatforms) = preSolution
		Debug|Any CPU = Debug|Any CPU
		Release|Any CPU = Release|Any CPU
	EndGlobalSection
	GlobalSection(ProjectConfigurationPlatforms) = postSolution
		{9B865CD9-4593-4713-8205-A50042F47CCF}.Debug|Any CPU.ActiveCfg = Debug|Any CPU
		{9B865CD9-4593-4713-8205-A50042F47CCF}.Debug|Any CPU.Build.0 = Debug|Any CPU
		{9B865CD9-4593-4713-8205-A50042F47CCF}.Release|Any CPU.ActiveCfg = Release|Any CPU
		{9B865CD9-4593-4713-8205-A50042F47CCF}.Release|Any CPU.Build.0 = Release|Any CPU
	EndGlobalSection
	GlobalSection(SolutionProperties) = preSolution
		HideSolutionNode = FALSE
	EndGlobalSection
	GlobalSection(ExtensibilityGlobals) = postSolution
		SolutionGuid = {D87ACE8C-23F0-4D8C-87D3-4B627E3D2D3C}
	EndGlobalSection
EndGlobal
